
Microsoft Visual Studio Solution File, Format Version 12.00
# Visual Studio 15
VisualStudioVersion = 15.0.28010.2016
MinimumVisualStudioVersion = 10.0.40219.1
Project("{FAE04EC0-301F-11D3-BF4B-00C04F79EFBC}") = "SeTraining.Feature.SimpleComponent", "SeTraining.Feature.SimpleComponent\SeTraining.Feature.SimpleComponent.csproj", "{D02565B9-38D5-494A-BC2F-BB6BD6D5BE19}"
EndProject
Global
	GlobalSection(SolutionConfigurationPlatforms) = preSolution
		Debug|Any CPU = Debug|Any CPU
		Release|Any CPU = Release|Any CPU
	EndGlobalSection
	GlobalSection(ProjectConfigurationPlatforms) = postSolution
		{D02565B9-38D5-494A-BC2F-BB6BD6D5BE19}.Debug|Any CPU.ActiveCfg = Debug|Any CPU
		{D02565B9-38D5-494A-BC2F-BB6BD6D5BE19}.Debug|Any CPU.Build.0 = Debug|Any CPU
		{D02565B9-38D5-494A-BC2F-BB6BD6D5BE19}.Release|Any CPU.ActiveCfg = Release|Any CPU
		{D02565B9-38D5-494A-BC2F-BB6BD6D5BE19}.Release|Any CPU.Build.0 = Release|Any CPU
	EndGlobalSection
	GlobalSection(SolutionProperties) = preSolution
		HideSolutionNode = FALSE
	EndGlobalSection
	GlobalSection(ExtensibilityGlobals) = postSolution
		SolutionGuid = {4109AB9E-1131-4CCA-A3D9-045844601CA9}
	EndGlobalSection
EndGlobal
